
Microsoft Visual Studio Solution File, Format Version 12.00
# Visual Studio Version 17
VisualStudioVersion = 17.10.35013.160
MinimumVisualStudioVersion = 10.0.40219.1
Project("{9A19103F-16F7-4668-BE54-9A1E7A4F7556}") = "BookWeb", "BookWeb\BookWeb.csproj", "{CBAFE008-D185-46B6-8215-AAF550CEC693}"
EndProject
Project("{FAE04EC0-301F-11D3-BF4B-00C04F79EFBC}") = "BookWeb.DataAccess", "BookData\BookWeb.DataAccess.csproj", "{3F80517E-FA10-41F4-96A4-B59255ADF00C}"
EndProject
Project("{FAE04EC0-301F-11D3-BF4B-00C04F79EFBC}") = "BookWeb.Models", "BookWeb.Models\BookWeb.Models.csproj", "{A39BBA7F-3F7C-443A-A59C-9625779D69BB}"
EndProject
Project("{FAE04EC0-301F-11D3-BF4B-00C04F79EFBC}") = "BookWeb.Utiility", "BookWeb.Utiility\BookWeb.Utiility.csproj", "{4DCDE023-A3CE-414A-A85D-3F6C884A310E}"
EndProject
Global
	GlobalSection(SolutionConfigurationPlatforms) = preSolution
		Debug|Any CPU = Debug|Any CPU
		Release|Any CPU = Release|Any CPU
	EndGlobalSection
	GlobalSection(ProjectConfigurationPlatforms) = postSolution
		{CBAFE008-D185-46B6-8215-AAF550CEC693}.Debug|Any CPU.ActiveCfg = Debug|Any CPU
		{CBAFE008-D185-46B6-8215-AAF550CEC693}.Debug|Any CPU.Build.0 = Debug|Any CPU
		{CBAFE008-D185-46B6-8215-AAF550CEC693}.Release|Any CPU.ActiveCfg = Release|Any CPU
		{CBAFE008-D185-46B6-8215-AAF550CEC693}.Release|Any CPU.Build.0 = Release|Any CPU
		{3F80517E-FA10-41F4-96A4-B59255ADF00C}.Debug|Any CPU.ActiveCfg = Debug|Any CPU
		{3F80517E-FA10-41F4-96A4-B59255ADF00C}.Debug|Any CPU.Build.0 = Debug|Any CPU
		{3F80517E-FA10-41F4-96A4-B59255ADF00C}.Release|Any CPU.ActiveCfg = Release|Any CPU
		{3F80517E-FA10-41F4-96A4-B59255ADF00C}.Release|Any CPU.Build.0 = Release|Any CPU
		{A39BBA7F-3F7C-443A-A59C-9625779D69BB}.Debug|Any CPU.ActiveCfg = Debug|Any CPU
		{A39BBA7F-3F7C-443A-A59C-9625779D69BB}.Debug|Any CPU.Build.0 = Debug|Any CPU
		{A39BBA7F-3F7C-443A-A59C-9625779D69BB}.Release|Any CPU.ActiveCfg = Release|Any CPU
		{A39BBA7F-3F7C-443A-A59C-9625779D69BB}.Release|Any CPU.Build.0 = Release|Any CPU
		{4DCDE023-A3CE-414A-A85D-3F6C884A310E}.Debug|Any CPU.ActiveCfg = Debug|Any CPU
		{4DCDE023-A3CE-414A-A85D-3F6C884A310E}.Debug|Any CPU.Build.0 = Debug|Any CPU
		{4DCDE023-A3CE-414A-A85D-3F6C884A310E}.Release|Any CPU.ActiveCfg = Release|Any CPU
		{4DCDE023-A3CE-414A-A85D-3F6C884A310E}.Release|Any CPU.Build.0 = Release|Any CPU
	EndGlobalSection
	GlobalSection(SolutionProperties) = preSolution
		HideSolutionNode = FALSE
	EndGlobalSection
	GlobalSection(ExtensibilityGlobals) = postSolution
		SolutionGuid = {0F203296-8211-404C-9FF1-943D244BEBB0}
	EndGlobalSection
EndGlobal
